{
  "originHash" : "665ae869aa15a51918f847f9db94b552465335d1771bcfed3a3cb9ed5cd8a160",
  "pins" : [
    {
      "identity" : "nsobject-rx",
      "kind" : "remoteSourceControl",
      "location" : "https://github.com/RxSwiftCommunity/NSObject-Rx.git",
      "state" : {
        "revision" : "6134a640808db7390d3dfcb32ef5f0a12b7a644d",
        "version" : "5.2.2"
      }
    },
    {
      "identity" : "rxswift",
      "kind" : "remoteSourceControl",
      "location" : "https://github.com/ReactiveX/RxSwift",
      "state" : {
        "revision" : "132aea4f236ccadc51590b38af0357a331d51fa2",
        "version" : "6.10.2"
      }
    },
    {
      "identity" : "snapkit",
      "kind" : "remoteSourceControl",
      "location" : "https://github.com/SnapKit/SnapKit.git",
      "state" : {
        "revision" : "2842e6e84e82eb9a8dac0100ca90d9444b0307f4",
        "version" : "5.7.1"
      }
    }
  ],
  "version" : 3
}
